
Microsoft Visual Studio Solution File, Format Version 12.00
# Visual Studio Version 16
VisualStudioVersion = 16.0.31613.86
MinimumVisualStudioVersion = 10.0.40219.1
Project("{FAE04EC0-301F-11D3-BF4B-00C04F79EFBC}") = "MotionModifys", "MotionModifys.csproj", "{67CB6E83-D885-49A3-A889-8D92341E804A}"
EndProject
Global
	GlobalSection(SolutionConfigurationPlatforms) = preSolution
		Debug|Any CPU = Debug|Any CPU
		Release|Any CPU = Release|Any CPU
	EndGlobalSection
	GlobalSection(ProjectConfigurationPlatforms) = postSolution
		{67CB6E83-D885-49A3-A889-8D92341E804A}.Debug|Any CPU.ActiveCfg = Debug|Any CPU
		{67CB6E83-D885-49A3-A889-8D92341E804A}.Debug|Any CPU.Build.0 = Debug|Any CPU
		{67CB6E83-D885-49A3-A889-8D92341E804A}.Release|Any CPU.ActiveCfg = Release|Any CPU
		{67CB6E83-D885-49A3-A889-8D92341E804A}.Release|Any CPU.Build.0 = Release|Any CPU
	EndGlobalSection
	GlobalSection(SolutionProperties) = preSolution
		HideSolutionNode = FALSE
	EndGlobalSection
	GlobalSection(ExtensibilityGlobals) = postSolution
		SolutionGuid = {A957B638-2693-44AB-BED5-9E2209B3C1F3}
	EndGlobalSection
EndGlobal
